{
	"version": 1,
	"algorithm": "sha256",
	"manifest": "83c8cef8bc0c704ed9e1efd7d8bbf5973a73f3c4294a56a2945e17b21a404eb1",
	"instrument": {
		"acceptance/mutations.json": "1ff99ca3f89075496562a64bd2d5513c88e80c582d454125678f04bfc25fe23a",
		"scripts/acceptance-lock.mjs": "0738f59da364f20af0634b28b9d32d70b2768f6d4cb6f2bf03cab13302923980",
		"scripts/acceptance-report.mjs": "2503e024c3a377c8f955c477d601e19f0097b5bc64fbdf2f6e659fc63e52e650",
		"scripts/acceptance-mutation.mjs": "c66e48020596036a1f6676c8c4478cf840887b535e28f8643c8044a63003ce9b"
	},
	"evidence": {
		"packages/coding-agent/test/ultron-a01-invocation-parity.test.ts": "a3c38bd46405887e922e5d3d305dafda1ba0fc0642cf0afead5e0f5693a80850",
		"packages/coding-agent/test/ultron-a02-large-data.test.ts": "6aa9831fef146a2d1cd43708d3d6468c4245ecd8a79fa5e8cd2665ce46bd1745",
		"packages/coding-agent/test/ultron-a03-bounded-repair.test.ts": "277916fd3f5b6fb89119f48fba98eec69a248bc159ab3d792d9e7ca0fd0fb3bb",
		"packages/coding-agent/test/ultron-a04-model-pinning.test.ts": "5c45f63e4c6843a2893c4d268c9b5d197155708c7435fc38b9bd326ec467f3cc",
		"packages/coding-agent/test/ultron-a05-cancellation-process-tree.test.ts": "d9eff9206a1d624c9827f1146bcb04ffd6ee7a89a673cd966f50467c3c5cef91",
		"packages/coding-agent/test/ultron-a06-limits.test.ts": "604d5a0e5199f9df92f304ba9aaa85175b13eac7c484fc9d98f49284f4d752f0",
		"packages/coding-agent/test/ultron-a07-branch-fork-resume.test.ts": "75f69950d4c7d5ac051ba725926a9c5b50c945cf923cb4e0e42c4a5a71045ba9",
		"packages/coding-agent/test/ultron-a07-lesson-branches.test.ts": "640c5b3f204bbb8e2bef93c205adf67eb383f8bb57ffaee71dfa39faaf2655b7",
		"packages/coding-agent/test/ultron-a08-snapshot-restorability.test.ts": "228ba4fe64377d818a80fc50bdf8c03c28157a01c1045c8a4ef65df6a1fef13a",
		"packages/coding-agent/test/ultron-a09-budget-admission.test.ts": "edf2c73327bbd8bea4c30044d6f9ca6d84fa0cd703cdf70e6f1d17d8ffdd1433",
		"packages/coding-agent/test/ultron-a12-graph-contract.test.ts": "4c98a1f44f5677ede5c3b82ecbf18e5680cd94ade5145ae2477d1c02ab0134ec",
		"packages/coding-agent/test/ultron-a13-admission-not-dependency.test.ts": "406e1a369c2fe30fe325d1057ab2805deca2b22c12b710b66c59fc49c6b54666",
		"packages/coding-agent/test/ultron-a14-no-false-verification.test.ts": "5cb273aae5dc614a52229d84a0393e62b2335ef60efbd061e3f94d4d8e276e79",
		"packages/coding-agent/test/ultron-a16-live-hindsight.test.ts": "b25c90ac44fd5b3c8bb2f7b02a57fb1bbe7f7d8fd2792e7ddf965f8133904568",
		"packages/coding-agent/test/ultron-a16-memory-skip-scope.test.ts": "f634d1cb4f874636c35a65840567b6f7f3e735186c44b2d284d9a7ebab897c04",
		"packages/coding-agent/test/ultron-a17-correction-supersedes.test.ts": "08466567b0763b3e5b78dc4e06b523a5b22c6efbe852f4764575d504e4d89a82",
		"packages/coding-agent/test/ultron-a18-retention-forget.test.ts": "06369182984b4945faefa2379d23a0a4177c0e8139a2a435d54e8382d1ca600e",
		"packages/coding-agent/test/ultron-a19-refiner-protected.test.ts": "3cfa83b5531a5cf3249e48e0d61565d5332346eade797d7a703dcfc99ca5266c",
		"packages/coding-agent/test/ultron-a20-refinement-behavior.test.ts": "67c3756f19914ea52b6e99e4158463a97a5d5f23471209595c8d56285c75f14c",
		"packages/coding-agent/test/ultron-a21-lost-response-replay.test.ts": "1e0edfc7c9ad47d5ceb623033717750283a88bd5d405ccd033b462bdc64089c4",
		"packages/coding-agent/test/ultron-a22-detached-work.test.ts": "8f7ce36906021536e697f6d220f0a4c813a25ef3b3bcd83a0f70db00a8f22274",
		"packages/coding-agent/test/ultron-a24-accounting-reconciliation.test.ts": "8b67538cf048187f9170f330dcb95a54ffbeef6178bb4e5bd86780882b4ef9c9",
		"packages/coding-agent/test/ultron-a27-self-contained-rlm.test.ts": "5c47ee1ebe29f522d88135446285fdc4ad119e12ed8e0daae2e1dd4cfe70e562",
		"packages/coding-agent/test/ultron-a28-retrieval-decision.test.ts": "9f27e10278cdae148502795b5eecd4b64c2fb7bae2b9235cea5fc0eef1a445d0",
		"packages/coding-agent/test/ultron-a30-forget.test.ts": "52f68fc8b2a15b876be34f18b0823b5be3fb489a63783ace794fd2ed7acc3c3d",
		"packages/coding-agent/test/ultron-a32-production-validation.test.ts": "681a77efbab66b4c3686ac8a2efb24e46a123a303dd7fd9353af3b20d31eac43",
		"packages/coding-agent/test/ultron-a32-skill-proposals.test.ts": "5a3306c811cecb04a8636f31809d795b8782c342c21869cbe46e1364a0dd84f6",
		"packages/coding-agent/test/ultron-a33-experiment-history.test.ts": "9a00a413cb592e8d742e59eaff7ed4e3be1c85d264b958e9223b9b7aab2852f8",
		"packages/coding-agent/test/ultron-a34-optional-service-outage.test.ts": "f7c03e1763ac614c000e844619c82fea760af02eb814fa8d4f2f5118f58bb4c1",
		"packages/coding-agent/test/ultron-a35-strategy-parity.test.ts": "95ddc86ed29af49a87649a927065e0e95d4458b803dacde28a8f54007eeb1913",
		"packages/coding-agent/test/ultron-a37-bounded-preview.test.ts": "e5bdca6454e5d1c1994edb62022cd30bcd57d08e7c387f9c6ccd911275e9433a",
		"packages/coding-agent/test/ultron-a38-query-scope.test.ts": "38025a5a5ff15efc350bfb1ac0cc48c1702ed9fd52e0096e5195ce1e1d623934",
		"packages/coding-agent/test/ultron-a38-reviewer-context.test.ts": "a56dfa9759042a028f6b3127bd0804fb6b4ca558c5ccfae91a4e8f5af363f1b3",
		"packages/coding-agent/test/ultron-a39-live-capabilities.test.ts": "80a31c5b8eb7d022ffa343f29fa28ebb085cf1027427aed5840f657b83a5611c",
		"packages/coding-agent/test/ultron-a42-intervention-subtree-stop.test.ts": "98ae78baceec9508cafb4bddaff44d883e6db8f7563f37883481fb8f0204a941",
		"packages/coding-agent/test/ultron-a43-kernel-pool-wired.test.ts": "13fd852496c684e3aa6c685f7332ba94231a31d9a333abd8561313acb029373c",
		"packages/coding-agent/test/ultron-a43-resource-release.test.ts": "5e406e65932ec42aa51f12346c55f9e3045314199d5fa611161291a09076259f",
		"packages/coding-agent/test/ultron-a45-saturated-recursion.test.ts": "f6ae7330dc37534321665108c9f84f6e11f026b3820660c2d7c3aa5fdf0500de",
		"packages/coding-agent/test/ultron-a46-demo.test.ts": "871d0aecc20052c2c8a4f80af637d7a9a1963997b826ffd34ddfe374e5e6668e",
		"packages/coding-agent/test/ultron-a46-live-demo.test.ts": "0ce87cf9cc05c95843bce0202b806bf9fb5af91bdfb43c5b1aabc18a77f059c1",
		"packages/coding-agent/test/ultron-family.test.ts": "1e6b0106a2e450ba05458d80e8d5000d3098231230d919d614cfb561e94598b8",
		"packages/coding-agent/test/ultron-grants.test.ts": "fc673e68e0c9418f8f202fad757f3020e218755730e412ccc54a1ca79d1a9a2f",
		"packages/coding-agent/test/ultron-instances.test.ts": "740cffb33a17183701f88b27f3aca4f1268b28726ccbe736a93da6ac42765df4",
		"packages/coding-agent/test/ultron-memory-inspection.test.ts": "6f066ccf662be2e44b98bd9fe7de387361dc3b58eeb52a65f82690cae8a9d9b4",
		"packages/coding-agent/test/ultron-migration.test.ts": "46501b6cfa4bd459504bdd17e4e7865fe54338a6ebd6c4a4d9768ce40855184f",
		"packages/coding-agent/test/ultron-native-host.test.ts": "cce8a21580274ef87509fe9cc0897009a422fcc46d7b89c48e57275e098d02dc",
		"packages/coding-agent/test/ultron-native-rpc.test.ts": "26b11eaad34dfa5fd799903b259189122bda95aed466a43fbea11079aa01f7bd",
		"packages/coding-agent/test/ultron-predict-adapter.test.ts": "42dfa9e8726de2485e2a98eb9c7acb59e431b4ac402aace05de2bc9d7a53678e",
		"packages/coding-agent/test/ultron-progress.test.ts": "3d3af8a53626ca8a96eab39b7071f47da8381b9ea370c57c4d3ff0aa55aa24c8",
		"packages/coding-agent/test/ultron-release-gate.test.ts": "94aea0db37368bd7ac22f8dc168536a4a307a09f203b87e2d8daafb48dac3a1a",
		"packages/coding-agent/test/ultron-schedules.test.ts": "53a83836658238798f67f71ece291f2437859049f6ba0e02ec2c320fb30c065e",
		"packages/coding-agent/test/ultron-skills.test.ts": "557478db705d08814ec982571cbc70199676a6a4e5c5035ea0a0e3d5310acb28",
		"packages/coding-agent/test/ultron-usage-deadline.test.ts": "5ed196acc010010db308878c2248761c5862daa03393992ff7b71eb4ba5e74a4",
		"packages/coding-agent/test/ultron-worker-isolation.test.ts": "a57085e176d2aa21466ee85780715bd6f88e3b1bd3aa3d4b2f82e38bbbdf183e"
	}
}
