{
	"version": 1,
	"algorithm": "sha256",
	"manifest": "74f519de148199d19adeb5489ff2cf9f80ce4c0f3e8cbd43fecfe87cd813d884",
	"instrument": {
		"acceptance/mutations.json": "1ff99ca3f89075496562a64bd2d5513c88e80c582d454125678f04bfc25fe23a",
		"scripts/acceptance-lock.mjs": "0738f59da364f20af0634b28b9d32d70b2768f6d4cb6f2bf03cab13302923980",
		"scripts/acceptance-report.mjs": "2503e024c3a377c8f955c477d601e19f0097b5bc64fbdf2f6e659fc63e52e650",
		"scripts/acceptance-mutation.mjs": "c66e48020596036a1f6676c8c4478cf840887b535e28f8643c8044a63003ce9b"
	},
	"evidence": {
		"packages/coding-agent/test/ultron-a01-invocation-parity.test.ts": "d2874801852ca35c357102b403c9b0be989312270e873b25c8745fd2680fd37a",
		"packages/coding-agent/test/ultron-a02-large-data.test.ts": "a97ebbee751c6d1e98e05af4e6f0619206bf1930be413ec6f9285fd2b2f23578",
		"packages/coding-agent/test/ultron-a03-bounded-repair.test.ts": "277916fd3f5b6fb89119f48fba98eec69a248bc159ab3d792d9e7ca0fd0fb3bb",
		"packages/coding-agent/test/ultron-a04-model-pinning.test.ts": "5c45f63e4c6843a2893c4d268c9b5d197155708c7435fc38b9bd326ec467f3cc",
		"packages/coding-agent/test/ultron-a05-cancellation-process-tree.test.ts": "d9eff9206a1d624c9827f1146bcb04ffd6ee7a89a673cd966f50467c3c5cef91",
		"packages/coding-agent/test/ultron-a06-limits.test.ts": "086921a14281e52b06b19f4105a9c917c8d3a1db3163dc1f6ce0a4f3a18f0683",
		"packages/coding-agent/test/ultron-a07-branch-fork-resume.test.ts": "7973a7f613f3f74e8889181c30f34b2e4d77300ddefa637fdef7904c22e32939",
		"packages/coding-agent/test/ultron-a07-lesson-branches.test.ts": "ae7022c7b71d93420e4d9e9c42e2e764c097c016e51ab73947006f6346baa1de",
		"packages/coding-agent/test/ultron-a08-snapshot-restorability.test.ts": "d6738c0b8220852da30e1e406cc132f3b08d635b78572c63ab336e0400e75392",
		"packages/coding-agent/test/ultron-a09-budget-admission.test.ts": "04aafdea15e9156f1e312908b67d0afdf4fc52caf808278b5689e2e1f58a726a",
		"packages/coding-agent/test/ultron-a12-graph-contract.test.ts": "f1f71544d0c04478bbb40edfa8075d2d315d7cde85f4efc398ea36ec3c5f41be",
		"packages/coding-agent/test/ultron-a13-admission-not-dependency.test.ts": "406e1a369c2fe30fe325d1057ab2805deca2b22c12b710b66c59fc49c6b54666",
		"packages/coding-agent/test/ultron-a14-no-false-verification.test.ts": "433b0921f52b8ca57b2ab18fa0348ca14f15aa9f5e1c2e0e28c7305ecbaf14a7",
		"packages/coding-agent/test/ultron-a16-live-hindsight.test.ts": "b25c90ac44fd5b3c8bb2f7b02a57fb1bbe7f7d8fd2792e7ddf965f8133904568",
		"packages/coding-agent/test/ultron-a16-memory-skip-scope.test.ts": "f0970553636f47a4dfaa4dced6a07c86bbc82a6c78b7338725631b8a874d43d7",
		"packages/coding-agent/test/ultron-a17-correction-supersedes.test.ts": "08466567b0763b3e5b78dc4e06b523a5b22c6efbe852f4764575d504e4d89a82",
		"packages/coding-agent/test/ultron-a18-retention-forget.test.ts": "06369182984b4945faefa2379d23a0a4177c0e8139a2a435d54e8382d1ca600e",
		"packages/coding-agent/test/ultron-a19-refiner-protected.test.ts": "73232091b8d25b903ed769c2901496d05b1231162106a3905eb9706bd90451eb",
		"packages/coding-agent/test/ultron-a20-refinement-behavior.test.ts": "c0e7dae6c9df3bedbbee62a9fd67c217c26094e13e48b64624bbd4b1455dd228",
		"packages/coding-agent/test/ultron-a21-lost-response-replay.test.ts": "3591813b73128fe25295042acb51dde225dfdb0cc2a49584acf2c938250f461a",
		"packages/coding-agent/test/ultron-a22-detached-work.test.ts": "862a9bccec9f0fd97c6adc3fe3aa6fafbe470b34536dea40d1d8b3bf66b4aa4a",
		"packages/coding-agent/test/ultron-a24-accounting-reconciliation.test.ts": "b3b1ee56e33b5cb52d50539036c6ece418f5330150c5786ef90d81344cf1c2f4",
		"packages/coding-agent/test/ultron-a27-self-contained-rlm.test.ts": "c63a902efc9812ff88b89488abcd7f771d6b28f19dcd7d025b4956c29d6baabc",
		"packages/coding-agent/test/ultron-a28-retrieval-decision.test.ts": "9f27e10278cdae148502795b5eecd4b64c2fb7bae2b9235cea5fc0eef1a445d0",
		"packages/coding-agent/test/ultron-a30-forget.test.ts": "11f09f7ea47690e37040c1806bbeb9c16ce30db1c37c768402ae64200c139ad4",
		"packages/coding-agent/test/ultron-a32-production-validation.test.ts": "681a77efbab66b4c3686ac8a2efb24e46a123a303dd7fd9353af3b20d31eac43",
		"packages/coding-agent/test/ultron-a32-skill-proposals.test.ts": "96b9a74182e2a1dea5f6f11b73f3bd461b40994269cc9e042b69b2426ba038e1",
		"packages/coding-agent/test/ultron-a33-experiment-history.test.ts": "8f40c8f667e18266ac983671b7e9ca863a669a7fde3f11c71be8f157f28f7ad2",
		"packages/coding-agent/test/ultron-a34-optional-service-outage.test.ts": "757b60f87031c4d8a0f5670c1c5dd5455012db188360dfe659b0d5b36795e510",
		"packages/coding-agent/test/ultron-a35-strategy-parity.test.ts": "b08c80905edbd2bae44f44cec96e40c22da7f7a32fe641503a4d00ca030a77d0",
		"packages/coding-agent/test/ultron-a37-bounded-preview.test.ts": "bd9210c6e7ce2893b1a4257c6bdc031846c56e0c787e57bfc9c962d40e008038",
		"packages/coding-agent/test/ultron-a38-query-scope.test.ts": "38025a5a5ff15efc350bfb1ac0cc48c1702ed9fd52e0096e5195ce1e1d623934",
		"packages/coding-agent/test/ultron-a38-reviewer-context.test.ts": "0a653afaafd79e363d17491720034ec2d251a9418f250ee40e7dbe2d87ddd562",
		"packages/coding-agent/test/ultron-a39-live-capabilities.test.ts": "ce1041f503a962888595911d287bf1dabad6e7acc1aa36d582171d2fd0759780",
		"packages/coding-agent/test/ultron-a42-intervention-subtree-stop.test.ts": "42d1c155463c5a35c44927831e266618ec7a8e536614310752c50ae1541d83c0",
		"packages/coding-agent/test/ultron-a43-kernel-pool-wired.test.ts": "a75b0c75c2cc646302d009a3c2276afb309eba89ea747053c7e9a659c2bccf34",
		"packages/coding-agent/test/ultron-a43-resource-release.test.ts": "b54bc1a51dac0d3dab52fb270adfeb8de3ab0b0f33776dfebe41654b61f544fe",
		"packages/coding-agent/test/ultron-a45-saturated-recursion.test.ts": "0d65ee5721e5f5141542bdaea14ed8da33582c3d18900772a43a57c476a88341",
		"packages/coding-agent/test/ultron-a46-demo.test.ts": "3aa3c45495b0474091f8d4fa56201660fab73dbbae0ec3350e2ce660e4e44bac",
		"packages/coding-agent/test/ultron-a46-live-demo.test.ts": "fd6f85c01b193c74584fc6b47bfa277c4c02a0f1dbd6d753b1152d343a69dfb4",
		"packages/coding-agent/test/ultron-a53-code-skills.test.ts": "be682d907e3c4531d67139f7fb2e245827f21fa326bb9f516a530ba46456a7b0",
		"packages/coding-agent/test/ultron-a54-skill-reuse.test.ts": "b28613b7ed444744ddcdcf60116432ffac4e7c96d351513c9bee4280afe7ec9f",
		"packages/coding-agent/test/ultron-family.test.ts": "1e6b0106a2e450ba05458d80e8d5000d3098231230d919d614cfb561e94598b8",
		"packages/coding-agent/test/ultron-grants.test.ts": "fc673e68e0c9418f8f202fad757f3020e218755730e412ccc54a1ca79d1a9a2f",
		"packages/coding-agent/test/ultron-instances.test.ts": "740cffb33a17183701f88b27f3aca4f1268b28726ccbe736a93da6ac42765df4",
		"packages/coding-agent/test/ultron-memory-inspection.test.ts": "6f066ccf662be2e44b98bd9fe7de387361dc3b58eeb52a65f82690cae8a9d9b4",
		"packages/coding-agent/test/ultron-migration.test.ts": "84fb8b5321bcc1d9876c43535fe0a53ef1ea4872a1fbf2e2b7e84407f16e2001",
		"packages/coding-agent/test/ultron-native-host.test.ts": "c57a17446c5e8cf3e1dc7fc7649c6691a30f6451a1ed551049156413b814259c",
		"packages/coding-agent/test/ultron-native-rpc.test.ts": "dcf03f1bf4d1c16630adf266fdde99678adc2ef53a321234b34254af48159681",
		"packages/coding-agent/test/ultron-predict-adapter.test.ts": "42dfa9e8726de2485e2a98eb9c7acb59e431b4ac402aace05de2bc9d7a53678e",
		"packages/coding-agent/test/ultron-progress.test.ts": "3d3af8a53626ca8a96eab39b7071f47da8381b9ea370c57c4d3ff0aa55aa24c8",
		"packages/coding-agent/test/ultron-release-gate.test.ts": "9811920617d41b539505e623a7f997f861abb3e6af4127c5fcc42003033b0d21",
		"packages/coding-agent/test/ultron-schedules.test.ts": "53a83836658238798f67f71ece291f2437859049f6ba0e02ec2c320fb30c065e",
		"packages/coding-agent/test/ultron-skills.test.ts": "557478db705d08814ec982571cbc70199676a6a4e5c5035ea0a0e3d5310acb28",
		"packages/coding-agent/test/ultron-usage-deadline.test.ts": "5ed196acc010010db308878c2248761c5862daa03393992ff7b71eb4ba5e74a4",
		"packages/coding-agent/test/ultron-worker-isolation.test.ts": "a57085e176d2aa21466ee85780715bd6f88e3b1bd3aa3d4b2f82e38bbbdf183e"
	}
}
